
Microsoft Visual Studio Solution File, Format Version 12.00
# Visual Studio Version 16
Project("{2150E333-8FDC-42A3-9474-1A3956D46DE8}") = "CMakePredefinedTargets", "CMakePredefinedTargets", "{0582BDD1-F028-38D6-8812-A1E0FD77CD7B}"
EndProject
Project("{2150E333-8FDC-42A3-9474-1A3956D46DE8}") = "ExternalProjectTargets", "ExternalProjectTargets", "{8AB09C89-57C6-3440-8FF3-B0A60516CE0E}"
EndProject
Project("{2150E333-8FDC-42A3-9474-1A3956D46DE8}") = "libusb", "ExternalProjectTargets\libusb", "{E6527A32-B277-3E2B-9197-6E4A7E1B095D}"
EndProject
Project("{2150E333-8FDC-42A3-9474-1A3956D46DE8}") = "Library", "Library", "{36AD06A4-0FD5-3E46-92C8-37B576315200}"
EndProject
Project("{2150E333-8FDC-42A3-9474-1A3956D46DE8}") = "Resources", "Resources", "{42235E5C-47C0-3AFE-A129-EAEB3A7B608D}"
EndProject
Project("{2150E333-8FDC-42A3-9474-1A3956D46DE8}") = "Wrappers", "Wrappers", "{2444F583-3B76-3FF0-893D-85AB2FB16E57}"
EndProject
Project("{2150E333-8FDC-42A3-9474-1A3956D46DE8}") = "csharp", "Wrappers\csharp", "{0570AED6-D9C0-30FB-8E33-38C0DE56157C}"
EndProject
Project("{8BC9CEB8-8B4A-11D0-8D11-00A0C91BC942}") = "ALL_BUILD", "ALL_BUILD.vcxproj", "{E1AFD228-BC0E-3C84-BADC-8F1C38482B25}"
	ProjectSection(ProjectDependencies) = postProject
		{E9ECF5A3-D6C5-3C1E-A39C-B1B588B5E85E} = {E9ECF5A3-D6C5-3C1E-A39C-B1B588B5E85E}
		{34B4CC5F-064C-31C5-AEA4-AE642FD0962B} = {34B4CC5F-064C-31C5-AEA4-AE642FD0962B}
	EndProjectSection
EndProject
Project("{8BC9CEB8-8B4A-11D0-8D11-00A0C91BC942}") = "INSTALL", "INSTALL.vcxproj", "{716CD91D-4D4A-3AEF-8287-052D1ACE6A3B}"
	ProjectSection(ProjectDependencies) = postProject
		{E1AFD228-BC0E-3C84-BADC-8F1C38482B25} = {E1AFD228-BC0E-3C84-BADC-8F1C38482B25}
		{E9ECF5A3-D6C5-3C1E-A39C-B1B588B5E85E} = {E9ECF5A3-D6C5-3C1E-A39C-B1B588B5E85E}
	EndProjectSection
EndProject
Project("{FAE04EC0-301F-11D3-BF4B-00C04F79EFBC}") = "Intel.RealSense", "..\Intel.RealSense\Intel.RealSense.csproj", "{C26B1573-9C3B-36B3-96E7-0B855543FA63}"
	ProjectSection(ProjectDependencies) = postProject
		{E9ECF5A3-D6C5-3C1E-A39C-B1B588B5E85E} = {E9ECF5A3-D6C5-3C1E-A39C-B1B588B5E85E}
		{9D30B05D-2D5C-3A37-85A8-644B61B1F48A} = {9D30B05D-2D5C-3A37-85A8-644B61B1F48A}
	EndProjectSection
EndProject
Project("{8BC9CEB8-8B4A-11D0-8D11-00A0C91BC942}") = "ZERO_CHECK", "..\..\..\\ZERO_CHECK.vcxproj", "{E9ECF5A3-D6C5-3C1E-A39C-B1B588B5E85E}"
	ProjectSection(ProjectDependencies) = postProject
	EndProjectSection
EndProject
Project("{FAE04EC0-301F-11D3-BF4B-00C04F79EFBC}") = "cs-tutorial-1-depth", "cs-tutorial-1-depth.csproj", "{34B4CC5F-064C-31C5-AEA4-AE642FD0962B}"
	ProjectSection(ProjectDependencies) = postProject
		{C26B1573-9C3B-36B3-96E7-0B855543FA63} = {C26B1573-9C3B-36B3-96E7-0B855543FA63}
		{E9ECF5A3-D6C5-3C1E-A39C-B1B588B5E85E} = {E9ECF5A3-D6C5-3C1E-A39C-B1B588B5E85E}
	EndProjectSection
EndProject
Project("{8BC9CEB8-8B4A-11D0-8D11-00A0C91BC942}") = "fw", "..\..\..\common\fw\fw.vcxproj", "{45A0AAEB-7DF2-31E8-9FD1-73BAA2193E15}"
	ProjectSection(ProjectDependencies) = postProject
		{E9ECF5A3-D6C5-3C1E-A39C-B1B588B5E85E} = {E9ECF5A3-D6C5-3C1E-A39C-B1B588B5E85E}
	EndProjectSection
EndProject
Project("{8BC9CEB8-8B4A-11D0-8D11-00A0C91BC942}") = "libusb", "..\..\..\\libusb.vcxproj", "{94601B9D-8843-3F66-99C2-8F3A7FA2A320}"
	ProjectSection(ProjectDependencies) = postProject
		{E9ECF5A3-D6C5-3C1E-A39C-B1B588B5E85E} = {E9ECF5A3-D6C5-3C1E-A39C-B1B588B5E85E}
	EndProjectSection
EndProject
Project("{8BC9CEB8-8B4A-11D0-8D11-00A0C91BC942}") = "realsense-file", "..\..\..\third-party\realsense-file\realsense-file.vcxproj", "{BDB4CCB4-E3A5-379E-B62A-78BF8AFB650B}"
	ProjectSection(ProjectDependencies) = postProject
		{E9ECF5A3-D6C5-3C1E-A39C-B1B588B5E85E} = {E9ECF5A3-D6C5-3C1E-A39C-B1B588B5E85E}
	EndProjectSection
EndProject
Project("{8BC9CEB8-8B4A-11D0-8D11-00A0C91BC942}") = "realsense2", "..\..\..\\realsense2.vcxproj", "{9D30B05D-2D5C-3A37-85A8-644B61B1F48A}"
	ProjectSection(ProjectDependencies) = postProject
		{E9ECF5A3-D6C5-3C1E-A39C-B1B588B5E85E} = {E9ECF5A3-D6C5-3C1E-A39C-B1B588B5E85E}
		{45A0AAEB-7DF2-31E8-9FD1-73BAA2193E15} = {45A0AAEB-7DF2-31E8-9FD1-73BAA2193E15}
		{94601B9D-8843-3F66-99C2-8F3A7FA2A320} = {94601B9D-8843-3F66-99C2-8F3A7FA2A320}
		{BDB4CCB4-E3A5-379E-B62A-78BF8AFB650B} = {BDB4CCB4-E3A5-379E-B62A-78BF8AFB650B}
	EndProjectSection
EndProject
Global
	GlobalSection(SolutionConfigurationPlatforms) = preSolution
		Debug|x64 = Debug|x64
		Release|x64 = Release|x64
		MinSizeRel|x64 = MinSizeRel|x64
		RelWithDebInfo|x64 = RelWithDebInfo|x64
	EndGlobalSection
	GlobalSection(ProjectConfigurationPlatforms) = postSolution
		{E1AFD228-BC0E-3C84-BADC-8F1C38482B25}.Debug|x64.ActiveCfg = Debug|x64
		{E1AFD228-BC0E-3C84-BADC-8F1C38482B25}.Debug|x64.Build.0 = Debug|x64
		{E1AFD228-BC0E-3C84-BADC-8F1C38482B25}.Release|x64.ActiveCfg = Release|x64
		{E1AFD228-BC0E-3C84-BADC-8F1C38482B25}.Release|x64.Build.0 = Release|x64
		{E1AFD228-BC0E-3C84-BADC-8F1C38482B25}.MinSizeRel|x64.ActiveCfg = MinSizeRel|x64
		{E1AFD228-BC0E-3C84-BADC-8F1C38482B25}.MinSizeRel|x64.Build.0 = MinSizeRel|x64
		{E1AFD228-BC0E-3C84-BADC-8F1C38482B25}.RelWithDebInfo|x64.ActiveCfg = RelWithDebInfo|x64
		{E1AFD228-BC0E-3C84-BADC-8F1C38482B25}.RelWithDebInfo|x64.Build.0 = RelWithDebInfo|x64
		{716CD91D-4D4A-3AEF-8287-052D1ACE6A3B}.Debug|x64.ActiveCfg = Debug|x64
		{716CD91D-4D4A-3AEF-8287-052D1ACE6A3B}.Release|x64.ActiveCfg = Release|x64
		{716CD91D-4D4A-3AEF-8287-052D1ACE6A3B}.MinSizeRel|x64.ActiveCfg = MinSizeRel|x64
		{716CD91D-4D4A-3AEF-8287-052D1ACE6A3B}.RelWithDebInfo|x64.ActiveCfg = RelWithDebInfo|x64
		{C26B1573-9C3B-36B3-96E7-0B855543FA63}.Debug|x64.ActiveCfg = Debug|x64
		{C26B1573-9C3B-36B3-96E7-0B855543FA63}.Debug|x64.Build.0 = Debug|x64
		{C26B1573-9C3B-36B3-96E7-0B855543FA63}.Release|x64.ActiveCfg = Release|x64
		{C26B1573-9C3B-36B3-96E7-0B855543FA63}.Release|x64.Build.0 = Release|x64
		{C26B1573-9C3B-36B3-96E7-0B855543FA63}.MinSizeRel|x64.ActiveCfg = MinSizeRel|x64
		{C26B1573-9C3B-36B3-96E7-0B855543FA63}.MinSizeRel|x64.Build.0 = MinSizeRel|x64
		{C26B1573-9C3B-36B3-96E7-0B855543FA63}.RelWithDebInfo|x64.ActiveCfg = RelWithDebInfo|x64
		{C26B1573-9C3B-36B3-96E7-0B855543FA63}.RelWithDebInfo|x64.Build.0 = RelWithDebInfo|x64
		{E9ECF5A3-D6C5-3C1E-A39C-B1B588B5E85E}.Debug|x64.ActiveCfg = Debug|x64
		{E9ECF5A3-D6C5-3C1E-A39C-B1B588B5E85E}.Debug|x64.Build.0 = Debug|x64
		{E9ECF5A3-D6C5-3C1E-A39C-B1B588B5E85E}.Release|x64.ActiveCfg = Release|x64
		{E9ECF5A3-D6C5-3C1E-A39C-B1B588B5E85E}.Release|x64.Build.0 = Release|x64
		{E9ECF5A3-D6C5-3C1E-A39C-B1B588B5E85E}.MinSizeRel|x64.ActiveCfg = MinSizeRel|x64
		{E9ECF5A3-D6C5-3C1E-A39C-B1B588B5E85E}.MinSizeRel|x64.Build.0 = MinSizeRel|x64
		{E9ECF5A3-D6C5-3C1E-A39C-B1B588B5E85E}.RelWithDebInfo|x64.ActiveCfg = RelWithDebInfo|x64
		{E9ECF5A3-D6C5-3C1E-A39C-B1B588B5E85E}.RelWithDebInfo|x64.Build.0 = RelWithDebInfo|x64
		{34B4CC5F-064C-31C5-AEA4-AE642FD0962B}.Debug|x64.ActiveCfg = Debug|x64
		{34B4CC5F-064C-31C5-AEA4-AE642FD0962B}.Debug|x64.Build.0 = Debug|x64
		{34B4CC5F-064C-31C5-AEA4-AE642FD0962B}.Release|x64.ActiveCfg = Release|x64
		{34B4CC5F-064C-31C5-AEA4-AE642FD0962B}.Release|x64.Build.0 = Release|x64
		{34B4CC5F-064C-31C5-AEA4-AE642FD0962B}.MinSizeRel|x64.ActiveCfg = MinSizeRel|x64
		{34B4CC5F-064C-31C5-AEA4-AE642FD0962B}.MinSizeRel|x64.Build.0 = MinSizeRel|x64
		{34B4CC5F-064C-31C5-AEA4-AE642FD0962B}.RelWithDebInfo|x64.ActiveCfg = RelWithDebInfo|x64
		{34B4CC5F-064C-31C5-AEA4-AE642FD0962B}.RelWithDebInfo|x64.Build.0 = RelWithDebInfo|x64
		{45A0AAEB-7DF2-31E8-9FD1-73BAA2193E15}.Debug|x64.ActiveCfg = Debug|x64
		{45A0AAEB-7DF2-31E8-9FD1-73BAA2193E15}.Debug|x64.Build.0 = Debug|x64
		{45A0AAEB-7DF2-31E8-9FD1-73BAA2193E15}.Release|x64.ActiveCfg = Release|x64
		{45A0AAEB-7DF2-31E8-9FD1-73BAA2193E15}.Release|x64.Build.0 = Release|x64
		{45A0AAEB-7DF2-31E8-9FD1-73BAA2193E15}.MinSizeRel|x64.ActiveCfg = MinSizeRel|x64
		{45A0AAEB-7DF2-31E8-9FD1-73BAA2193E15}.MinSizeRel|x64.Build.0 = MinSizeRel|x64
		{45A0AAEB-7DF2-31E8-9FD1-73BAA2193E15}.RelWithDebInfo|x64.ActiveCfg = RelWithDebInfo|x64
		{45A0AAEB-7DF2-31E8-9FD1-73BAA2193E15}.RelWithDebInfo|x64.Build.0 = RelWithDebInfo|x64
		{94601B9D-8843-3F66-99C2-8F3A7FA2A320}.Debug|x64.ActiveCfg = Debug|x64
		{94601B9D-8843-3F66-99C2-8F3A7FA2A320}.Debug|x64.Build.0 = Debug|x64
		{94601B9D-8843-3F66-99C2-8F3A7FA2A320}.Release|x64.ActiveCfg = Release|x64
		{94601B9D-8843-3F66-99C2-8F3A7FA2A320}.Release|x64.Build.0 = Release|x64
		{94601B9D-8843-3F66-99C2-8F3A7FA2A320}.MinSizeRel|x64.ActiveCfg = MinSizeRel|x64
		{94601B9D-8843-3F66-99C2-8F3A7FA2A320}.MinSizeRel|x64.Build.0 = MinSizeRel|x64
		{94601B9D-8843-3F66-99C2-8F3A7FA2A320}.RelWithDebInfo|x64.ActiveCfg = RelWithDebInfo|x64
		{94601B9D-8843-3F66-99C2-8F3A7FA2A320}.RelWithDebInfo|x64.Build.0 = RelWithDebInfo|x64
		{BDB4CCB4-E3A5-379E-B62A-78BF8AFB650B}.Debug|x64.ActiveCfg = Debug|x64
		{BDB4CCB4-E3A5-379E-B62A-78BF8AFB650B}.Debug|x64.Build.0 = Debug|x64
		{BDB4CCB4-E3A5-379E-B62A-78BF8AFB650B}.Release|x64.ActiveCfg = Release|x64
		{BDB4CCB4-E3A5-379E-B62A-78BF8AFB650B}.Release|x64.Build.0 = Release|x64
		{BDB4CCB4-E3A5-379E-B62A-78BF8AFB650B}.MinSizeRel|x64.ActiveCfg = MinSizeRel|x64
		{BDB4CCB4-E3A5-379E-B62A-78BF8AFB650B}.MinSizeRel|x64.Build.0 = MinSizeRel|x64
		{BDB4CCB4-E3A5-379E-B62A-78BF8AFB650B}.RelWithDebInfo|x64.ActiveCfg = RelWithDebInfo|x64
		{BDB4CCB4-E3A5-379E-B62A-78BF8AFB650B}.RelWithDebInfo|x64.Build.0 = RelWithDebInfo|x64
		{9D30B05D-2D5C-3A37-85A8-644B61B1F48A}.Debug|x64.ActiveCfg = Debug|x64
		{9D30B05D-2D5C-3A37-85A8-644B61B1F48A}.Debug|x64.Build.0 = Debug|x64
		{9D30B05D-2D5C-3A37-85A8-644B61B1F48A}.Release|x64.ActiveCfg = Release|x64
		{9D30B05D-2D5C-3A37-85A8-644B61B1F48A}.Release|x64.Build.0 = Release|x64
		{9D30B05D-2D5C-3A37-85A8-644B61B1F48A}.MinSizeRel|x64.ActiveCfg = MinSizeRel|x64
		{9D30B05D-2D5C-3A37-85A8-644B61B1F48A}.MinSizeRel|x64.Build.0 = MinSizeRel|x64
		{9D30B05D-2D5C-3A37-85A8-644B61B1F48A}.RelWithDebInfo|x64.ActiveCfg = RelWithDebInfo|x64
		{9D30B05D-2D5C-3A37-85A8-644B61B1F48A}.RelWithDebInfo|x64.Build.0 = RelWithDebInfo|x64
	EndGlobalSection
	GlobalSection(NestedProjects) = preSolution
		{E1AFD228-BC0E-3C84-BADC-8F1C38482B25} = {0582BDD1-F028-38D6-8812-A1E0FD77CD7B}
		{716CD91D-4D4A-3AEF-8287-052D1ACE6A3B} = {0582BDD1-F028-38D6-8812-A1E0FD77CD7B}
		{E9ECF5A3-D6C5-3C1E-A39C-B1B588B5E85E} = {0582BDD1-F028-38D6-8812-A1E0FD77CD7B}
		{E6527A32-B277-3E2B-9197-6E4A7E1B095D} = {8AB09C89-57C6-3440-8FF3-B0A60516CE0E}
		{94601B9D-8843-3F66-99C2-8F3A7FA2A320} = {E6527A32-B277-3E2B-9197-6E4A7E1B095D}
		{BDB4CCB4-E3A5-379E-B62A-78BF8AFB650B} = {36AD06A4-0FD5-3E46-92C8-37B576315200}
		{9D30B05D-2D5C-3A37-85A8-644B61B1F48A} = {36AD06A4-0FD5-3E46-92C8-37B576315200}
		{45A0AAEB-7DF2-31E8-9FD1-73BAA2193E15} = {42235E5C-47C0-3AFE-A129-EAEB3A7B608D}
		{0570AED6-D9C0-30FB-8E33-38C0DE56157C} = {2444F583-3B76-3FF0-893D-85AB2FB16E57}
		{C26B1573-9C3B-36B3-96E7-0B855543FA63} = {0570AED6-D9C0-30FB-8E33-38C0DE56157C}
		{34B4CC5F-064C-31C5-AEA4-AE642FD0962B} = {0570AED6-D9C0-30FB-8E33-38C0DE56157C}
	EndGlobalSection
	GlobalSection(ExtensibilityGlobals) = postSolution
		SolutionGuid = {413BB893-1E64-31EF-A037-CB999BF956FD}
	EndGlobalSection
	GlobalSection(ExtensibilityAddIns) = postSolution
	EndGlobalSection
EndGlobal
