
Microsoft Visual Studio Solution File, Format Version 12.00
# Visual Studio Version 16
Project("{2150E333-8FDC-42A3-9474-1A3956D46DE8}") = "CMakePredefinedTargets", "CMakePredefinedTargets", "{0582BDD1-F028-38D6-8812-A1E0FD77CD7B}"
EndProject
Project("{2150E333-8FDC-42A3-9474-1A3956D46DE8}") = "Examples", "Examples", "{45EACB54-C02A-32A1-9206-363FF828AB63}"
EndProject
Project("{2150E333-8FDC-42A3-9474-1A3956D46DE8}") = "ExternalProjectTargets", "ExternalProjectTargets", "{8AB09C89-57C6-3440-8FF3-B0A60516CE0E}"
EndProject
Project("{2150E333-8FDC-42A3-9474-1A3956D46DE8}") = "libusb", "ExternalProjectTargets\libusb", "{E6527A32-B277-3E2B-9197-6E4A7E1B095D}"
EndProject
Project("{2150E333-8FDC-42A3-9474-1A3956D46DE8}") = "GLFW3", "GLFW3", "{7FFAD231-F526-37DA-AF85-CFC7357CCF67}"
EndProject
Project("{2150E333-8FDC-42A3-9474-1A3956D46DE8}") = "Library", "Library", "{36AD06A4-0FD5-3E46-92C8-37B576315200}"
EndProject
Project("{2150E333-8FDC-42A3-9474-1A3956D46DE8}") = "Resources", "Resources", "{42235E5C-47C0-3AFE-A129-EAEB3A7B608D}"
EndProject
Project("{8BC9CEB8-8B4A-11D0-8D11-00A0C91BC942}") = "ALL_BUILD", "ALL_BUILD.vcxproj", "{E1AFD228-BC0E-3C84-BADC-8F1C38482B25}"
	ProjectSection(ProjectDependencies) = postProject
		{E9ECF5A3-D6C5-3C1E-A39C-B1B588B5E85E} = {E9ECF5A3-D6C5-3C1E-A39C-B1B588B5E85E}
		{62EAC7ED-B650-379D-A3FC-A63889043037} = {62EAC7ED-B650-379D-A3FC-A63889043037}
	EndProjectSection
EndProject
Project("{8BC9CEB8-8B4A-11D0-8D11-00A0C91BC942}") = "INSTALL", "INSTALL.vcxproj", "{716CD91D-4D4A-3AEF-8287-052D1ACE6A3B}"
	ProjectSection(ProjectDependencies) = postProject
		{E1AFD228-BC0E-3C84-BADC-8F1C38482B25} = {E1AFD228-BC0E-3C84-BADC-8F1C38482B25}
		{E9ECF5A3-D6C5-3C1E-A39C-B1B588B5E85E} = {E9ECF5A3-D6C5-3C1E-A39C-B1B588B5E85E}
	EndProjectSection
EndProject
Project("{8BC9CEB8-8B4A-11D0-8D11-00A0C91BC942}") = "ZERO_CHECK", "..\..\\ZERO_CHECK.vcxproj", "{E9ECF5A3-D6C5-3C1E-A39C-B1B588B5E85E}"
	ProjectSection(ProjectDependencies) = postProject
	EndProjectSection
EndProject
Project("{8BC9CEB8-8B4A-11D0-8D11-00A0C91BC942}") = "fw", "..\..\common\fw\fw.vcxproj", "{45A0AAEB-7DF2-31E8-9FD1-73BAA2193E15}"
	ProjectSection(ProjectDependencies) = postProject
		{E9ECF5A3-D6C5-3C1E-A39C-B1B588B5E85E} = {E9ECF5A3-D6C5-3C1E-A39C-B1B588B5E85E}
	EndProjectSection
EndProject
Project("{8BC9CEB8-8B4A-11D0-8D11-00A0C91BC942}") = "glfw", "..\..\third-party\glfw\src\glfw.vcxproj", "{78A102ED-B5BB-3163-B8E4-636ED9C7D616}"
	ProjectSection(ProjectDependencies) = postProject
		{E9ECF5A3-D6C5-3C1E-A39C-B1B588B5E85E} = {E9ECF5A3-D6C5-3C1E-A39C-B1B588B5E85E}
	EndProjectSection
EndProject
Project("{8BC9CEB8-8B4A-11D0-8D11-00A0C91BC942}") = "libusb", "..\..\\libusb.vcxproj", "{94601B9D-8843-3F66-99C2-8F3A7FA2A320}"
	ProjectSection(ProjectDependencies) = postProject
		{E9ECF5A3-D6C5-3C1E-A39C-B1B588B5E85E} = {E9ECF5A3-D6C5-3C1E-A39C-B1B588B5E85E}
	EndProjectSection
EndProject
Project("{8BC9CEB8-8B4A-11D0-8D11-00A0C91BC942}") = "realsense-file", "..\..\third-party\realsense-file\realsense-file.vcxproj", "{BDB4CCB4-E3A5-379E-B62A-78BF8AFB650B}"
	ProjectSection(ProjectDependencies) = postProject
		{E9ECF5A3-D6C5-3C1E-A39C-B1B588B5E85E} = {E9ECF5A3-D6C5-3C1E-A39C-B1B588B5E85E}
	EndProjectSection
EndProject
Project("{8BC9CEB8-8B4A-11D0-8D11-00A0C91BC942}") = "realsense2", "..\..\\realsense2.vcxproj", "{9D30B05D-2D5C-3A37-85A8-644B61B1F48A}"
	ProjectSection(ProjectDependencies) = postProject
		{E9ECF5A3-D6C5-3C1E-A39C-B1B588B5E85E} = {E9ECF5A3-D6C5-3C1E-A39C-B1B588B5E85E}
		{45A0AAEB-7DF2-31E8-9FD1-73BAA2193E15} = {45A0AAEB-7DF2-31E8-9FD1-73BAA2193E15}
		{94601B9D-8843-3F66-99C2-8F3A7FA2A320} = {94601B9D-8843-3F66-99C2-8F3A7FA2A320}
		{BDB4CCB4-E3A5-379E-B62A-78BF8AFB650B} = {BDB4CCB4-E3A5-379E-B62A-78BF8AFB650B}
	EndProjectSection
EndProject
Project("{8BC9CEB8-8B4A-11D0-8D11-00A0C91BC942}") = "rs-measure", "rs-measure.vcxproj", "{62EAC7ED-B650-379D-A3FC-A63889043037}"
	ProjectSection(ProjectDependencies) = postProject
		{E9ECF5A3-D6C5-3C1E-A39C-B1B588B5E85E} = {E9ECF5A3-D6C5-3C1E-A39C-B1B588B5E85E}
		{78A102ED-B5BB-3163-B8E4-636ED9C7D616} = {78A102ED-B5BB-3163-B8E4-636ED9C7D616}
		{9D30B05D-2D5C-3A37-85A8-644B61B1F48A} = {9D30B05D-2D5C-3A37-85A8-644B61B1F48A}
	EndProjectSection
EndProject
Global
	GlobalSection(SolutionConfigurationPlatforms) = preSolution
		Debug|x64 = Debug|x64
		Release|x64 = Release|x64
		MinSizeRel|x64 = MinSizeRel|x64
		RelWithDebInfo|x64 = RelWithDebInfo|x64
	EndGlobalSection
	GlobalSection(ProjectConfigurationPlatforms) = postSolution
		{E1AFD228-BC0E-3C84-BADC-8F1C38482B25}.Debug|x64.ActiveCfg = Debug|x64
		{E1AFD228-BC0E-3C84-BADC-8F1C38482B25}.Debug|x64.Build.0 = Debug|x64
		{E1AFD228-BC0E-3C84-BADC-8F1C38482B25}.Release|x64.ActiveCfg = Release|x64
		{E1AFD228-BC0E-3C84-BADC-8F1C38482B25}.Release|x64.Build.0 = Release|x64
		{E1AFD228-BC0E-3C84-BADC-8F1C38482B25}.MinSizeRel|x64.ActiveCfg = MinSizeRel|x64
		{E1AFD228-BC0E-3C84-BADC-8F1C38482B25}.MinSizeRel|x64.Build.0 = MinSizeRel|x64
		{E1AFD228-BC0E-3C84-BADC-8F1C38482B25}.RelWithDebInfo|x64.ActiveCfg = RelWithDebInfo|x64
		{E1AFD228-BC0E-3C84-BADC-8F1C38482B25}.RelWithDebInfo|x64.Build.0 = RelWithDebInfo|x64
		{716CD91D-4D4A-3AEF-8287-052D1ACE6A3B}.Debug|x64.ActiveCfg = Debug|x64
		{716CD91D-4D4A-3AEF-8287-052D1ACE6A3B}.Release|x64.ActiveCfg = Release|x64
		{716CD91D-4D4A-3AEF-8287-052D1ACE6A3B}.MinSizeRel|x64.ActiveCfg = MinSizeRel|x64
		{716CD91D-4D4A-3AEF-8287-052D1ACE6A3B}.RelWithDebInfo|x64.ActiveCfg = RelWithDebInfo|x64
		{E9ECF5A3-D6C5-3C1E-A39C-B1B588B5E85E}.Debug|x64.ActiveCfg = Debug|x64
		{E9ECF5A3-D6C5-3C1E-A39C-B1B588B5E85E}.Debug|x64.Build.0 = Debug|x64
		{E9ECF5A3-D6C5-3C1E-A39C-B1B588B5E85E}.Release|x64.ActiveCfg = Release|x64
		{E9ECF5A3-D6C5-3C1E-A39C-B1B588B5E85E}.Release|x64.Build.0 = Release|x64
		{E9ECF5A3-D6C5-3C1E-A39C-B1B588B5E85E}.MinSizeRel|x64.ActiveCfg = MinSizeRel|x64
		{E9ECF5A3-D6C5-3C1E-A39C-B1B588B5E85E}.MinSizeRel|x64.Build.0 = MinSizeRel|x64
		{E9ECF5A3-D6C5-3C1E-A39C-B1B588B5E85E}.RelWithDebInfo|x64.ActiveCfg = RelWithDebInfo|x64
		{E9ECF5A3-D6C5-3C1E-A39C-B1B588B5E85E}.RelWithDebInfo|x64.Build.0 = RelWithDebInfo|x64
		{45A0AAEB-7DF2-31E8-9FD1-73BAA2193E15}.Debug|x64.ActiveCfg = Debug|x64
		{45A0AAEB-7DF2-31E8-9FD1-73BAA2193E15}.Debug|x64.Build.0 = Debug|x64
		{45A0AAEB-7DF2-31E8-9FD1-73BAA2193E15}.Release|x64.ActiveCfg = Release|x64
		{45A0AAEB-7DF2-31E8-9FD1-73BAA2193E15}.Release|x64.Build.0 = Release|x64
		{45A0AAEB-7DF2-31E8-9FD1-73BAA2193E15}.MinSizeRel|x64.ActiveCfg = MinSizeRel|x64
		{45A0AAEB-7DF2-31E8-9FD1-73BAA2193E15}.MinSizeRel|x64.Build.0 = MinSizeRel|x64
		{45A0AAEB-7DF2-31E8-9FD1-73BAA2193E15}.RelWithDebInfo|x64.ActiveCfg = RelWithDebInfo|x64
		{45A0AAEB-7DF2-31E8-9FD1-73BAA2193E15}.RelWithDebInfo|x64.Build.0 = RelWithDebInfo|x64
		{78A102ED-B5BB-3163-B8E4-636ED9C7D616}.Debug|x64.ActiveCfg = Debug|x64
		{78A102ED-B5BB-3163-B8E4-636ED9C7D616}.Debug|x64.Build.0 = Debug|x64
		{78A102ED-B5BB-3163-B8E4-636ED9C7D616}.Release|x64.ActiveCfg = Release|x64
		{78A102ED-B5BB-3163-B8E4-636ED9C7D616}.Release|x64.Build.0 = Release|x64
		{78A102ED-B5BB-3163-B8E4-636ED9C7D616}.MinSizeRel|x64.ActiveCfg = MinSizeRel|x64
		{78A102ED-B5BB-3163-B8E4-636ED9C7D616}.MinSizeRel|x64.Build.0 = MinSizeRel|x64
		{78A102ED-B5BB-3163-B8E4-636ED9C7D616}.RelWithDebInfo|x64.ActiveCfg = RelWithDebInfo|x64
		{78A102ED-B5BB-3163-B8E4-636ED9C7D616}.RelWithDebInfo|x64.Build.0 = RelWithDebInfo|x64
		{94601B9D-8843-3F66-99C2-8F3A7FA2A320}.Debug|x64.ActiveCfg = Debug|x64
		{94601B9D-8843-3F66-99C2-8F3A7FA2A320}.Debug|x64.Build.0 = Debug|x64
		{94601B9D-8843-3F66-99C2-8F3A7FA2A320}.Release|x64.ActiveCfg = Release|x64
		{94601B9D-8843-3F66-99C2-8F3A7FA2A320}.Release|x64.Build.0 = Release|x64
		{94601B9D-8843-3F66-99C2-8F3A7FA2A320}.MinSizeRel|x64.ActiveCfg = MinSizeRel|x64
		{94601B9D-8843-3F66-99C2-8F3A7FA2A320}.MinSizeRel|x64.Build.0 = MinSizeRel|x64
		{94601B9D-8843-3F66-99C2-8F3A7FA2A320}.RelWithDebInfo|x64.ActiveCfg = RelWithDebInfo|x64
		{94601B9D-8843-3F66-99C2-8F3A7FA2A320}.RelWithDebInfo|x64.Build.0 = RelWithDebInfo|x64
		{BDB4CCB4-E3A5-379E-B62A-78BF8AFB650B}.Debug|x64.ActiveCfg = Debug|x64
		{BDB4CCB4-E3A5-379E-B62A-78BF8AFB650B}.Debug|x64.Build.0 = Debug|x64
		{BDB4CCB4-E3A5-379E-B62A-78BF8AFB650B}.Release|x64.ActiveCfg = Release|x64
		{BDB4CCB4-E3A5-379E-B62A-78BF8AFB650B}.Release|x64.Build.0 = Release|x64
		{BDB4CCB4-E3A5-379E-B62A-78BF8AFB650B}.MinSizeRel|x64.ActiveCfg = MinSizeRel|x64
		{BDB4CCB4-E3A5-379E-B62A-78BF8AFB650B}.MinSizeRel|x64.Build.0 = MinSizeRel|x64
		{BDB4CCB4-E3A5-379E-B62A-78BF8AFB650B}.RelWithDebInfo|x64.ActiveCfg = RelWithDebInfo|x64
		{BDB4CCB4-E3A5-379E-B62A-78BF8AFB650B}.RelWithDebInfo|x64.Build.0 = RelWithDebInfo|x64
		{9D30B05D-2D5C-3A37-85A8-644B61B1F48A}.Debug|x64.ActiveCfg = Debug|x64
		{9D30B05D-2D5C-3A37-85A8-644B61B1F48A}.Debug|x64.Build.0 = Debug|x64
		{9D30B05D-2D5C-3A37-85A8-644B61B1F48A}.Release|x64.ActiveCfg = Release|x64
		{9D30B05D-2D5C-3A37-85A8-644B61B1F48A}.Release|x64.Build.0 = Release|x64
		{9D30B05D-2D5C-3A37-85A8-644B61B1F48A}.MinSizeRel|x64.ActiveCfg = MinSizeRel|x64
		{9D30B05D-2D5C-3A37-85A8-644B61B1F48A}.MinSizeRel|x64.Build.0 = MinSizeRel|x64
		{9D30B05D-2D5C-3A37-85A8-644B61B1F48A}.RelWithDebInfo|x64.ActiveCfg = RelWithDebInfo|x64
		{9D30B05D-2D5C-3A37-85A8-644B61B1F48A}.RelWithDebInfo|x64.Build.0 = RelWithDebInfo|x64
		{62EAC7ED-B650-379D-A3FC-A63889043037}.Debug|x64.ActiveCfg = Debug|x64
		{62EAC7ED-B650-379D-A3FC-A63889043037}.Debug|x64.Build.0 = Debug|x64
		{62EAC7ED-B650-379D-A3FC-A63889043037}.Release|x64.ActiveCfg = Release|x64
		{62EAC7ED-B650-379D-A3FC-A63889043037}.Release|x64.Build.0 = Release|x64
		{62EAC7ED-B650-379D-A3FC-A63889043037}.MinSizeRel|x64.ActiveCfg = MinSizeRel|x64
		{62EAC7ED-B650-379D-A3FC-A63889043037}.MinSizeRel|x64.Build.0 = MinSizeRel|x64
		{62EAC7ED-B650-379D-A3FC-A63889043037}.RelWithDebInfo|x64.ActiveCfg = RelWithDebInfo|x64
		{62EAC7ED-B650-379D-A3FC-A63889043037}.RelWithDebInfo|x64.Build.0 = RelWithDebInfo|x64
	EndGlobalSection
	GlobalSection(NestedProjects) = preSolution
		{E1AFD228-BC0E-3C84-BADC-8F1C38482B25} = {0582BDD1-F028-38D6-8812-A1E0FD77CD7B}
		{716CD91D-4D4A-3AEF-8287-052D1ACE6A3B} = {0582BDD1-F028-38D6-8812-A1E0FD77CD7B}
		{E9ECF5A3-D6C5-3C1E-A39C-B1B588B5E85E} = {0582BDD1-F028-38D6-8812-A1E0FD77CD7B}
		{62EAC7ED-B650-379D-A3FC-A63889043037} = {45EACB54-C02A-32A1-9206-363FF828AB63}
		{E6527A32-B277-3E2B-9197-6E4A7E1B095D} = {8AB09C89-57C6-3440-8FF3-B0A60516CE0E}
		{94601B9D-8843-3F66-99C2-8F3A7FA2A320} = {E6527A32-B277-3E2B-9197-6E4A7E1B095D}
		{78A102ED-B5BB-3163-B8E4-636ED9C7D616} = {7FFAD231-F526-37DA-AF85-CFC7357CCF67}
		{BDB4CCB4-E3A5-379E-B62A-78BF8AFB650B} = {36AD06A4-0FD5-3E46-92C8-37B576315200}
		{9D30B05D-2D5C-3A37-85A8-644B61B1F48A} = {36AD06A4-0FD5-3E46-92C8-37B576315200}
		{45A0AAEB-7DF2-31E8-9FD1-73BAA2193E15} = {42235E5C-47C0-3AFE-A129-EAEB3A7B608D}
	EndGlobalSection
	GlobalSection(ExtensibilityGlobals) = postSolution
		SolutionGuid = {1A754F6E-13FD-3B33-A2ED-4A5C5BED7044}
	EndGlobalSection
	GlobalSection(ExtensibilityAddIns) = postSolution
	EndGlobalSection
EndGlobal
