<?xml version="1.0" encoding="utf-8"?>
<Project ToolsVersion="16.0" xmlns="http://schemas.microsoft.com/developer/msbuild/2003">
  <ItemGroup>
    <ClCompile Include="D:\Desktop\librealsense\build\third-party\libusb\libusb\core.c">
      <Filter>Source Files</Filter>
    </ClCompile>
    <ClCompile Include="D:\Desktop\librealsense\build\third-party\libusb\libusb\descriptor.c">
      <Filter>Source Files</Filter>
    </ClCompile>
    <ClCompile Include="D:\Desktop\librealsense\build\third-party\libusb\libusb\hotplug.c">
      <Filter>Source Files</Filter>
    </ClCompile>
    <ClCompile Include="D:\Desktop\librealsense\build\third-party\libusb\libusb\io.c">
      <Filter>Source Files</Filter>
    </ClCompile>
    <ClCompile Include="D:\Desktop\librealsense\build\third-party\libusb\libusb\strerror.c">
      <Filter>Source Files</Filter>
    </ClCompile>
    <ClCompile Include="D:\Desktop\librealsense\build\third-party\libusb\libusb\sync.c">
      <Filter>Source Files</Filter>
    </ClCompile>
    <ClCompile Include="D:\Desktop\librealsense\build\third-party\libusb\libusb\os\threads_windows.c">
      <Filter>Source Files</Filter>
    </ClCompile>
    <ClCompile Include="D:\Desktop\librealsense\build\third-party\libusb\libusb\os\poll_windows.c">
      <Filter>Source Files</Filter>
    </ClCompile>
    <ClCompile Include="D:\Desktop\librealsense\build\third-party\libusb\libusb\os\windows_winusb.c">
      <Filter>Source Files</Filter>
    </ClCompile>
    <ClCompile Include="D:\Desktop\librealsense\build\third-party\libusb\libusb\os\windows_nt_common.c">
      <Filter>Source Files</Filter>
    </ClCompile>
    <ClCompile Include="D:\Desktop\librealsense\build\third-party\libusb\libusb\os\windows_usbdk.c">
      <Filter>Source Files</Filter>
    </ClCompile>
  </ItemGroup>
  <ItemGroup>
    <ClInclude Include="D:\Desktop\librealsense\build\third-party\libusb\libusb\libusb.h">
      <Filter>Header Files</Filter>
    </ClInclude>
  </ItemGroup>
  <ItemGroup>
    <CustomBuild Include="D:\Desktop\librealsense\build\third-party\libusb\CMakeLists.txt" />
  </ItemGroup>
  <ItemGroup>
    <Filter Include="Header Files">
      <UniqueIdentifier>{2F3BF83B-3BAC-338A-AEBD-F8D7AA584454}</UniqueIdentifier>
    </Filter>
    <Filter Include="Source Files">
      <UniqueIdentifier>{582896FA-3878-3FEA-80E1-EEFBD02BE9F9}</UniqueIdentifier>
    </Filter>
  </ItemGroup>
</Project>
